// !$*UTF8*$!
{
	archiveVersion = 1;
	classes = {
	};
	objectVersion = 51;
	objects = {

/* Begin PBXBuildFile section */
		010598F0260EDE4700E0CE61 /* ProductListingViewController.swift in Sources */ = {isa = PBXBuildFile; fileRef = 010598EF260EDE4700E0CE61 /* ProductListingViewController.swift */; };
		010598F3260EE1CE00E0CE61 /* R.generated.swift in Sources */ = {isa = PBXBuildFile; fileRef = 010598F2260EE1CD00E0CE61 /* R.generated.swift */; };
		010598F7260EE69C00E0CE61 /* BaseExtensions.swift in Sources */ = {isa = PBXBuildFile; fileRef = 010598F6260EE69C00E0CE61 /* BaseExtensions.swift */; };
		0109C865261166870020BCB6 /* VNDFormatterTests.swift in Sources */ = {isa = PBXBuildFile; fileRef = 0109C864261166870020BCB6 /* VNDFormatterTests.swift */; };
		0111E5F7261028B900F67650 /* ProductDetailViewController.swift in Sources */ = {isa = PBXBuildFile; fileRef = 0111E5F6261028B900F67650 /* ProductDetailViewController.swift */; };
		0111E5F92610307600F67650 /* MenuCell.swift in Sources */ = {isa = PBXBuildFile; fileRef = 0111E5F82610307600F67650 /* MenuCell.swift */; };
		0111E5FB261030C700F67650 /* MenuCell.xib in Resources */ = {isa = PBXBuildFile; fileRef = 0111E5FA261030C700F67650 /* MenuCell.xib */; };
		0111E5FF2610318D00F67650 /* MenuCellFocusView.xib in Resources */ = {isa = PBXBuildFile; fileRef = 0111E5FE2610318D00F67650 /* MenuCellFocusView.xib */; };
		0128B8E026103FEA00979172 /* PagingContent.storyboard in Resources */ = {isa = PBXBuildFile; fileRef = 0128B8DF26103FEA00979172 /* PagingContent.storyboard */; };
		0128B8E22610420C00979172 /* HardwareDetailsViewController.swift in Sources */ = {isa = PBXBuildFile; fileRef = 0128B8E12610420C00979172 /* HardwareDetailsViewController.swift */; };
		0128B8E52610461300979172 /* HardwareDetailTableViewCell.swift in Sources */ = {isa = PBXBuildFile; fileRef = 0128B8E32610461300979172 /* HardwareDetailTableViewCell.swift */; };
		0128B8E62610461300979172 /* HardwareDetailTableViewCell.xib in Resources */ = {isa = PBXBuildFile; fileRef = 0128B8E42610461300979172 /* HardwareDetailTableViewCell.xib */; };
		0163F46326106880002A4F9E /* UIView+Additions.swift in Sources */ = {isa = PBXBuildFile; fileRef = 0163F46226106880002A4F9E /* UIView+Additions.swift */; };
		0163F46626107818002A4F9E /* ProductDetailViewModel.swift in Sources */ = {isa = PBXBuildFile; fileRef = 0163F46526107818002A4F9E /* ProductDetailViewModel.swift */; };
		0163F46A2610A9D3002A4F9E /* HorizontalProductListingCollectionViewCell.swift in Sources */ = {isa = PBXBuildFile; fileRef = 0163F4682610A9D3002A4F9E /* HorizontalProductListingCollectionViewCell.swift */; };
		0163F46B2610A9D3002A4F9E /* HorizontalProductListingCollectionViewCell.xib in Resources */ = {isa = PBXBuildFile; fileRef = 0163F4692610A9D3002A4F9E /* HorizontalProductListingCollectionViewCell.xib */; };
		019DA35E260F2318002FD5B1 /* UIImageView+Additions.swift in Sources */ = {isa = PBXBuildFile; fileRef = 019DA35D260F2318002FD5B1 /* UIImageView+Additions.swift */; };
		019DA360260F249C002FD5B1 /* Product.swift in Sources */ = {isa = PBXBuildFile; fileRef = 019DA35F260F249C002FD5B1 /* Product.swift */; };
		019DA363260F2A08002FD5B1 /* ProductListingViewModel.swift in Sources */ = {isa = PBXBuildFile; fileRef = 019DA362260F2A08002FD5B1 /* ProductListingViewModel.swift */; };
		019DA36C260F5F6B002FD5B1 /* SmartSearchMatcher.swift in Sources */ = {isa = PBXBuildFile; fileRef = 019DA36B260F5F6B002FD5B1 /* SmartSearchMatcher.swift */; };
		01B4B36526349730005BC4FA /* HTLoading.swift in Sources */ = {isa = PBXBuildFile; fileRef = 01B4B36426349730005BC4FA /* HTLoading.swift */; };
		01BA5607263338120029E6C8 /* ApiManager.swift in Sources */ = {isa = PBXBuildFile; fileRef = 01BA5606263338120029E6C8 /* ApiManager.swift */; };
		01BBA984260ED9C600792BF0 /* AppDelegate.swift in Sources */ = {isa = PBXBuildFile; fileRef = 01BBA983260ED9C600792BF0 /* AppDelegate.swift */; };
		01BBA986260ED9C600792BF0 /* SceneDelegate.swift in Sources */ = {isa = PBXBuildFile; fileRef = 01BBA985260ED9C600792BF0 /* SceneDelegate.swift */; };
		01BBA98B260ED9C600792BF0 /* Main.storyboard in Resources */ = {isa = PBXBuildFile; fileRef = 01BBA989260ED9C600792BF0 /* Main.storyboard */; };
		01BBA98D260ED9C700792BF0 /* Assets.xcassets in Resources */ = {isa = PBXBuildFile; fileRef = 01BBA98C260ED9C700792BF0 /* Assets.xcassets */; };
		01BBA990260ED9C700792BF0 /* LaunchScreen.storyboard in Resources */ = {isa = PBXBuildFile; fileRef = 01BBA98E260ED9C700792BF0 /* LaunchScreen.storyboard */; };
		01BBA99B260ED9C700792BF0 /* HelloTekoTests.swift in Sources */ = {isa = PBXBuildFile; fileRef = 01BBA99A260ED9C700792BF0 /* HelloTekoTests.swift */; };
		01BBA9A6260ED9C700792BF0 /* HelloTekoUITests.swift in Sources */ = {isa = PBXBuildFile; fileRef = 01BBA9A5260ED9C700792BF0 /* HelloTekoUITests.swift */; };
		01BD31E626130213000DCB86 /* ShoppingCart.swift in Sources */ = {isa = PBXBuildFile; fileRef = 01BD31E526130213000DCB86 /* ShoppingCart.swift */; };
		01BD31EB26130AAD000DCB86 /* CartItem.swift in Sources */ = {isa = PBXBuildFile; fileRef = 01BD31EA26130AAD000DCB86 /* CartItem.swift */; };
		01BD31F026130FEC000DCB86 /* CurrencyFormatter.swift in Sources */ = {isa = PBXBuildFile; fileRef = 01BD31EF26130FEC000DCB86 /* CurrencyFormatter.swift */; };
		01BD344E26158CAC000DCB86 /* ValueStepper.swift in Sources */ = {isa = PBXBuildFile; fileRef = 01BD344D26158CAC000DCB86 /* ValueStepper.swift */; };
		01D2E07C2633D8A70028FC3A /* AutoHeightTableView.swift in Sources */ = {isa = PBXBuildFile; fileRef = 01D2E07B2633D8A70028FC3A /* AutoHeightTableView.swift */; };
		01DFBA6A260F16C90017FB1C /* ProductListingCollectionViewCell.swift in Sources */ = {isa = PBXBuildFile; fileRef = 01DFBA68260F16C90017FB1C /* ProductListingCollectionViewCell.swift */; };
		01DFBA6B260F16C90017FB1C /* ProductListingCollectionViewCell.xib in Resources */ = {isa = PBXBuildFile; fileRef = 01DFBA69260F16C90017FB1C /* ProductListingCollectionViewCell.xib */; };
		01DFBA6D260F18D10017FB1C /* UIFont+Additions.swift in Sources */ = {isa = PBXBuildFile; fileRef = 01DFBA6C260F18D10017FB1C /* UIFont+Additions.swift */; };
		01DFBA6F260F190F0017FB1C /* UIColor+Additions.swift in Sources */ = {isa = PBXBuildFile; fileRef = 01DFBA6E260F190E0017FB1C /* UIColor+Additions.swift */; };
		01DFC7222633FE3300C52150 /* AppConstants.swift in Sources */ = {isa = PBXBuildFile; fileRef = 01DFC7212633FE3300C52150 /* AppConstants.swift */; };
		01EA83DD2610C79D00D69F21 /* Other Currency VND+Formatter.swift in Sources */ = {isa = PBXBuildFile; fileRef = 01EA83DC2610C79D00D69F21 /* Other Currency VND+Formatter.swift */; };
		270F1419082AB18D7BC80DEF /* Pods_HelloTeko.framework in Frameworks */ = {isa = PBXBuildFile; fileRef = 3469B9C436151CC81F946A65 /* Pods_HelloTeko.framework */; };
		2C7C1C74DCB6772F4C9439F9 /* Pods_HelloTekoTests.framework in Frameworks */ = {isa = PBXBuildFile; fileRef = A3759CDAEDC8BC2BEC14B21B /* Pods_HelloTekoTests.framework */; };
		7C9A0E53BB72688A270B209C /* Pods_HelloTeko_HelloTekoUITests.framework in Frameworks */ = {isa = PBXBuildFile; fileRef = D113E20F87515261E95D485D /* Pods_HelloTeko_HelloTekoUITests.framework */; };
/* End PBXBuildFile section */

/* Begin PBXContainerItemProxy section */
		01BBA997260ED9C700792BF0 /* PBXContainerItemProxy */ = {
			isa = PBXContainerItemProxy;
			containerPortal = 01BBA978260ED9C600792BF0 /* Project object */;
			proxyType = 1;
			remoteGlobalIDString = 01BBA97F260ED9C600792BF0;
			remoteInfo = HelloTeko;
		};
		01BBA9A2260ED9C700792BF0 /* PBXContainerItemProxy */ = {
			isa = PBXContainerItemProxy;
			containerPortal = 01BBA978260ED9C600792BF0 /* Project object */;
			proxyType = 1;
			remoteGlobalIDString = 01BBA97F260ED9C600792BF0;
			remoteInfo = HelloTeko;
		};
/* End PBXContainerItemProxy section */

/* Begin PBXFileReference section */
		010598EF260EDE4700E0CE61 /* ProductListingViewController.swift */ = {isa = PBXFileReference; lastKnownFileType = sourcecode.swift; path = ProductListingViewController.swift; sourceTree = "<group>"; };
		010598F2260EE1CD00E0CE61 /* R.generated.swift */ = {isa = PBXFileReference; fileEncoding = 4; lastKnownFileType = sourcecode.swift; path = R.generated.swift; sourceTree = SOURCE_ROOT; };
		010598F6260EE69C00E0CE61 /* BaseExtensions.swift */ = {isa = PBXFileReference; fileEncoding = 4; lastKnownFileType = sourcecode.swift; path = BaseExtensions.swift; sourceTree = "<group>"; };
		0109C864261166870020BCB6 /* VNDFormatterTests.swift */ = {isa = PBXFileReference; lastKnownFileType = sourcecode.swift; path = VNDFormatterTests.swift; sourceTree = "<group>"; };
		0111E5F6261028B900F67650 /* ProductDetailViewController.swift */ = {isa = PBXFileReference; lastKnownFileType = sourcecode.swift; path = ProductDetailViewController.swift; sourceTree = "<group>"; };
		0111E5F82610307600F67650 /* MenuCell.swift */ = {isa = PBXFileReference; lastKnownFileType = sourcecode.swift; path = MenuCell.swift; sourceTree = "<group>"; };
		0111E5FA261030C700F67650 /* MenuCell.xib */ = {isa = PBXFileReference; lastKnownFileType = file.xib; path = MenuCell.xib; sourceTree = "<group>"; };
		0111E5FE2610318D00F67650 /* MenuCellFocusView.xib */ = {isa = PBXFileReference; lastKnownFileType = file.xib; path = MenuCellFocusView.xib; sourceTree = "<group>"; };
		0128B8DF26103FEA00979172 /* PagingContent.storyboard */ = {isa = PBXFileReference; lastKnownFileType = file.storyboard; path = PagingContent.storyboard; sourceTree = "<group>"; };
		0128B8E12610420C00979172 /* HardwareDetailsViewController.swift */ = {isa = PBXFileReference; lastKnownFileType = sourcecode.swift; path = HardwareDetailsViewController.swift; sourceTree = "<group>"; };
		0128B8E32610461300979172 /* HardwareDetailTableViewCell.swift */ = {isa = PBXFileReference; lastKnownFileType = sourcecode.swift; path = HardwareDetailTableViewCell.swift; sourceTree = "<group>"; };
		0128B8E42610461300979172 /* HardwareDetailTableViewCell.xib */ = {isa = PBXFileReference; lastKnownFileType = file.xib; path = HardwareDetailTableViewCell.xib; sourceTree = "<group>"; };
		0163F46226106880002A4F9E /* UIView+Additions.swift */ = {isa = PBXFileReference; lastKnownFileType = sourcecode.swift; path = "UIView+Additions.swift"; sourceTree = "<group>"; };
		0163F46526107818002A4F9E /* ProductDetailViewModel.swift */ = {isa = PBXFileReference; lastKnownFileType = sourcecode.swift; path = ProductDetailViewModel.swift; sourceTree = "<group>"; };
		0163F4682610A9D3002A4F9E /* HorizontalProductListingCollectionViewCell.swift */ = {isa = PBXFileReference; lastKnownFileType = sourcecode.swift; path = HorizontalProductListingCollectionViewCell.swift; sourceTree = "<group>"; };
		0163F4692610A9D3002A4F9E /* HorizontalProductListingCollectionViewCell.xib */ = {isa = PBXFileReference; lastKnownFileType = file.xib; path = HorizontalProductListingCollectionViewCell.xib; sourceTree = "<group>"; };
		019DA35D260F2318002FD5B1 /* UIImageView+Additions.swift */ = {isa = PBXFileReference; lastKnownFileType = sourcecode.swift; path = "UIImageView+Additions.swift"; sourceTree = "<group>"; };
		019DA35F260F249C002FD5B1 /* Product.swift */ = {isa = PBXFileReference; lastKnownFileType = sourcecode.swift; path = Product.swift; sourceTree = "<group>"; };
		019DA362260F2A08002FD5B1 /* ProductListingViewModel.swift */ = {isa = PBXFileReference; lastKnownFileType = sourcecode.swift; path = ProductListingViewModel.swift; sourceTree = "<group>"; };
		019DA36B260F5F6B002FD5B1 /* SmartSearchMatcher.swift */ = {isa = PBXFileReference; lastKnownFileType = sourcecode.swift; path = SmartSearchMatcher.swift; sourceTree = "<group>"; };
		01B4B36426349730005BC4FA /* HTLoading.swift */ = {isa = PBXFileReference; lastKnownFileType = sourcecode.swift; path = HTLoading.swift; sourceTree = "<group>"; };
		01BA5606263338120029E6C8 /* ApiManager.swift */ = {isa = PBXFileReference; lastKnownFileType = sourcecode.swift; path = ApiManager.swift; sourceTree = "<group>"; };
		01BBA980260ED9C600792BF0 /* HelloTeko.app */ = {isa = PBXFileReference; explicitFileType = wrapper.application; includeInIndex = 0; path = HelloTeko.app; sourceTree = BUILT_PRODUCTS_DIR; };
		01BBA983260ED9C600792BF0 /* AppDelegate.swift */ = {isa = PBXFileReference; lastKnownFileType = sourcecode.swift; path = AppDelegate.swift; sourceTree = "<group>"; };
		01BBA985260ED9C600792BF0 /* SceneDelegate.swift */ = {isa = PBXFileReference; lastKnownFileType = sourcecode.swift; path = SceneDelegate.swift; sourceTree = "<group>"; };
		01BBA98A260ED9C600792BF0 /* Base */ = {isa = PBXFileReference; lastKnownFileType = file.storyboard; name = Base; path = Base.lproj/Main.storyboard; sourceTree = "<group>"; };
		01BBA98C260ED9C700792BF0 /* Assets.xcassets */ = {isa = PBXFileReference; lastKnownFileType = folder.assetcatalog; path = Assets.xcassets; sourceTree = "<group>"; };
		01BBA98F260ED9C700792BF0 /* Base */ = {isa = PBXFileReference; lastKnownFileType = file.storyboard; name = Base; path = Base.lproj/LaunchScreen.storyboard; sourceTree = "<group>"; };
		01BBA991260ED9C700792BF0 /* Info.plist */ = {isa = PBXFileReference; lastKnownFileType = text.plist.xml; path = Info.plist; sourceTree = "<group>"; };
		01BBA996260ED9C700792BF0 /* HelloTekoTests.xctest */ = {isa = PBXFileReference; explicitFileType = wrapper.cfbundle; includeInIndex = 0; path = HelloTekoTests.xctest; sourceTree = BUILT_PRODUCTS_DIR; };
		01BBA99A260ED9C700792BF0 /* HelloTekoTests.swift */ = {isa = PBXFileReference; lastKnownFileType = sourcecode.swift; path = HelloTekoTests.swift; sourceTree = "<group>"; };
		01BBA99C260ED9C700792BF0 /* Info.plist */ = {isa = PBXFileReference; lastKnownFileType = text.plist.xml; path = Info.plist; sourceTree = "<group>"; };
		01BBA9A1260ED9C700792BF0 /* HelloTekoUITests.xctest */ = {isa = PBXFileReference; explicitFileType = wrapper.cfbundle; includeInIndex = 0; path = HelloTekoUITests.xctest; sourceTree = BUILT_PRODUCTS_DIR; };
		01BBA9A5260ED9C700792BF0 /* HelloTekoUITests.swift */ = {isa = PBXFileReference; lastKnownFileType = sourcecode.swift; path = HelloTekoUITests.swift; sourceTree = "<group>"; };
		01BBA9A7260ED9C700792BF0 /* Info.plist */ = {isa = PBXFileReference; lastKnownFileType = text.plist.xml; path = Info.plist; sourceTree = "<group>"; };
		01BD31E526130213000DCB86 /* ShoppingCart.swift */ = {isa = PBXFileReference; lastKnownFileType = sourcecode.swift; path = ShoppingCart.swift; sourceTree = "<group>"; };
		01BD31EA26130AAD000DCB86 /* CartItem.swift */ = {isa = PBXFileReference; lastKnownFileType = sourcecode.swift; path = CartItem.swift; sourceTree = "<group>"; };
		01BD31EF26130FEC000DCB86 /* CurrencyFormatter.swift */ = {isa = PBXFileReference; lastKnownFileType = sourcecode.swift; path = CurrencyFormatter.swift; sourceTree = "<group>"; };
		01BD344D26158CAC000DCB86 /* ValueStepper.swift */ = {isa = PBXFileReference; fileEncoding = 4; lastKnownFileType = sourcecode.swift; path = ValueStepper.swift; sourceTree = "<group>"; };
		01D2E07B2633D8A70028FC3A /* AutoHeightTableView.swift */ = {isa = PBXFileReference; lastKnownFileType = sourcecode.swift; path = AutoHeightTableView.swift; sourceTree = "<group>"; };
		01DFBA68260F16C90017FB1C /* ProductListingCollectionViewCell.swift */ = {isa = PBXFileReference; lastKnownFileType = sourcecode.swift; path = ProductListingCollectionViewCell.swift; sourceTree = "<group>"; };
		01DFBA69260F16C90017FB1C /* ProductListingCollectionViewCell.xib */ = {isa = PBXFileReference; lastKnownFileType = file.xib; path = ProductListingCollectionViewCell.xib; sourceTree = "<group>"; };
		01DFBA6C260F18D10017FB1C /* UIFont+Additions.swift */ = {isa = PBXFileReference; fileEncoding = 4; lastKnownFileType = sourcecode.swift; path = "UIFont+Additions.swift"; sourceTree = "<group>"; };
		01DFBA6E260F190E0017FB1C /* UIColor+Additions.swift */ = {isa = PBXFileReference; fileEncoding = 4; lastKnownFileType = sourcecode.swift; path = "UIColor+Additions.swift"; sourceTree = "<group>"; };
		01DFC7212633FE3300C52150 /* AppConstants.swift */ = {isa = PBXFileReference; lastKnownFileType = sourcecode.swift; path = AppConstants.swift; sourceTree = "<group>"; };
		01EA83DC2610C79D00D69F21 /* Other Currency VND+Formatter.swift */ = {isa = PBXFileReference; lastKnownFileType = sourcecode.swift; path = "Other Currency VND+Formatter.swift"; sourceTree = "<group>"; };
		02BB03B8870D15285F4B0C7C /* Pods-HelloTeko-HelloTekoUITests.release.xcconfig */ = {isa = PBXFileReference; includeInIndex = 1; lastKnownFileType = text.xcconfig; name = "Pods-HelloTeko-HelloTekoUITests.release.xcconfig"; path = "Target Support Files/Pods-HelloTeko-HelloTekoUITests/Pods-HelloTeko-HelloTekoUITests.release.xcconfig"; sourceTree = "<group>"; };
		08F3E989DD5610A06F15A9FF /* Pods-HelloTekoTests.debug.xcconfig */ = {isa = PBXFileReference; includeInIndex = 1; lastKnownFileType = text.xcconfig; name = "Pods-HelloTekoTests.debug.xcconfig"; path = "Target Support Files/Pods-HelloTekoTests/Pods-HelloTekoTests.debug.xcconfig"; sourceTree = "<group>"; };
		3469B9C436151CC81F946A65 /* Pods_HelloTeko.framework */ = {isa = PBXFileReference; explicitFileType = wrapper.framework; includeInIndex = 0; path = Pods_HelloTeko.framework; sourceTree = BUILT_PRODUCTS_DIR; };
		7FD1C122632547BE8D6D9026 /* Pods-HelloTekoTests.release.xcconfig */ = {isa = PBXFileReference; includeInIndex = 1; lastKnownFileType = text.xcconfig; name = "Pods-HelloTekoTests.release.xcconfig"; path = "Target Support Files/Pods-HelloTekoTests/Pods-HelloTekoTests.release.xcconfig"; sourceTree = "<group>"; };
		9813243940F7C18A438A8A79 /* Pods-HelloTeko.debug.xcconfig */ = {isa = PBXFileReference; includeInIndex = 1; lastKnownFileType = text.xcconfig; name = "Pods-HelloTeko.debug.xcconfig"; path = "Target Support Files/Pods-HelloTeko/Pods-HelloTeko.debug.xcconfig"; sourceTree = "<group>"; };
		A3759CDAEDC8BC2BEC14B21B /* Pods_HelloTekoTests.framework */ = {isa = PBXFileReference; explicitFileType = wrapper.framework; includeInIndex = 0; path = Pods_HelloTekoTests.framework; sourceTree = BUILT_PRODUCTS_DIR; };
		AAE3A35C5DC043D486071E3C /* Pods-HelloTeko.release.xcconfig */ = {isa = PBXFileReference; includeInIndex = 1; lastKnownFileType = text.xcconfig; name = "Pods-HelloTeko.release.xcconfig"; path = "Target Support Files/Pods-HelloTeko/Pods-HelloTeko.release.xcconfig"; sourceTree = "<group>"; };
		D113E20F87515261E95D485D /* Pods_HelloTeko_HelloTekoUITests.framework */ = {isa = PBXFileReference; explicitFileType = wrapper.framework; includeInIndex = 0; path = Pods_HelloTeko_HelloTekoUITests.framework; sourceTree = BUILT_PRODUCTS_DIR; };
		D8C42816F32D38A258D8B708 /* Pods-HelloTeko-HelloTekoUITests.debug.xcconfig */ = {isa = PBXFileReference; includeInIndex = 1; lastKnownFileType = text.xcconfig; name = "Pods-HelloTeko-HelloTekoUITests.debug.xcconfig"; path = "Target Support Files/Pods-HelloTeko-HelloTekoUITests/Pods-HelloTeko-HelloTekoUITests.debug.xcconfig"; sourceTree = "<group>"; };
/* End PBXFileReference section */

/* Begin PBXFrameworksBuildPhase section */
		01BBA97D260ED9C600792BF0 /* Frameworks */ = {
			isa = PBXFrameworksBuildPhase;
			buildActionMask = 2147483647;
			files = (
				270F1419082AB18D7BC80DEF /* Pods_HelloTeko.framework in Frameworks */,
			);
			runOnlyForDeploymentPostprocessing = 0;
		};
		01BBA993260ED9C700792BF0 /* Frameworks */ = {
			isa = PBXFrameworksBuildPhase;
			buildActionMask = 2147483647;
			files = (
				2C7C1C74DCB6772F4C9439F9 /* Pods_HelloTekoTests.framework in Frameworks */,
			);
			runOnlyForDeploymentPostprocessing = 0;
		};
		01BBA99E260ED9C700792BF0 /* Frameworks */ = {
			isa = PBXFrameworksBuildPhase;
			buildActionMask = 2147483647;
			files = (
				7C9A0E53BB72688A270B209C /* Pods_HelloTeko_HelloTekoUITests.framework in Frameworks */,
			);
			runOnlyForDeploymentPostprocessing = 0;
		};
/* End PBXFrameworksBuildPhase section */

/* Begin PBXGroup section */
		010598E0260EDC0200E0CE61 /* AppDelegate */ = {
			isa = PBXGroup;
			children = (
				01BBA983260ED9C600792BF0 /* AppDelegate.swift */,
				01BBA985260ED9C600792BF0 /* SceneDelegate.swift */,
				01DFC7212633FE3300C52150 /* AppConstants.swift */,
			);
			path = AppDelegate;
			sourceTree = "<group>";
		};
		010598E1260EDC1900E0CE61 /* Extension */ = {
			isa = PBXGroup;
			children = (
				010598EA260EDD3D00E0CE61 /* Other */,
				010598E9260EDD3800E0CE61 /* UI */,
			);
			path = Extension;
			sourceTree = "<group>";
		};
		010598E2260EDC2500E0CE61 /* Models */ = {
			isa = PBXGroup;
			children = (
				019DA35F260F249C002FD5B1 /* Product.swift */,
				01BD31E526130213000DCB86 /* ShoppingCart.swift */,
				01BD31EA26130AAD000DCB86 /* CartItem.swift */,
			);
			path = Models;
			sourceTree = "<group>";
		};
		010598E3260EDC3A00E0CE61 /* Scenes */ = {
			isa = PBXGroup;
			children = (
				010598E8260EDD0700E0CE61 /* ProductDetail */,
				010598E7260EDCC100E0CE61 /* ProductListing */,
			);
			path = Scenes;
			sourceTree = "<group>";
		};
		010598E4260EDC5200E0CE61 /* Utils */ = {
			isa = PBXGroup;
			children = (
				01B4B36426349730005BC4FA /* HTLoading.swift */,
				01BD31EF26130FEC000DCB86 /* CurrencyFormatter.swift */,
				01EA83DC2610C79D00D69F21 /* Other Currency VND+Formatter.swift */,
				019DA36B260F5F6B002FD5B1 /* SmartSearchMatcher.swift */,
			);
			path = Utils;
			sourceTree = "<group>";
		};
		010598E5260EDC5E00E0CE61 /* Views */ = {
			isa = PBXGroup;
			children = (
				01D2E07A2633D8790028FC3A /* UICollectionView */,
				01D2E0782633D8510028FC3A /* UITableView */,
				019DA368260F56F7002FD5B1 /* PageView */,
			);
			path = Views;
			sourceTree = "<group>";
		};
		010598E7260EDCC100E0CE61 /* ProductListing */ = {
			isa = PBXGroup;
			children = (
				019DA361260F29EB002FD5B1 /* ViewModel */,
				010598EF260EDE4700E0CE61 /* ProductListingViewController.swift */,
			);
			path = ProductListing;
			sourceTree = "<group>";
		};
		010598E8260EDD0700E0CE61 /* ProductDetail */ = {
			isa = PBXGroup;
			children = (
				0163F464261077EB002A4F9E /* ViewModel */,
				0111E5F6261028B900F67650 /* ProductDetailViewController.swift */,
			);
			path = ProductDetail;
			sourceTree = "<group>";
		};
		010598E9260EDD3800E0CE61 /* UI */ = {
			isa = PBXGroup;
			children = (
				01DFBA6E260F190E0017FB1C /* UIColor+Additions.swift */,
				01DFBA6C260F18D10017FB1C /* UIFont+Additions.swift */,
				019DA35D260F2318002FD5B1 /* UIImageView+Additions.swift */,
				0163F46226106880002A4F9E /* UIView+Additions.swift */,
			);
			path = UI;
			sourceTree = "<group>";
		};
		010598EA260EDD3D00E0CE61 /* Other */ = {
			isa = PBXGroup;
			children = (
				010598F6260EE69C00E0CE61 /* BaseExtensions.swift */,
			);
			path = Other;
			sourceTree = "<group>";
		};
		010598EB260EDD4500E0CE61 /* Assets */ = {
			isa = PBXGroup;
			children = (
				01BBA98C260ED9C700792BF0 /* Assets.xcassets */,
			);
			path = Assets;
			sourceTree = "<group>";
		};
		010598ED260EDDAB00E0CE61 /* Cells */ = {
			isa = PBXGroup;
			children = (
				0128B8E32610461300979172 /* HardwareDetailTableViewCell.swift */,
				0128B8E42610461300979172 /* HardwareDetailTableViewCell.xib */,
			);
			path = Cells;
			sourceTree = "<group>";
		};
		010598EE260EDDB700E0CE61 /* Cells */ = {
			isa = PBXGroup;
			children = (
				01DFBA68260F16C90017FB1C /* ProductListingCollectionViewCell.swift */,
				01DFBA69260F16C90017FB1C /* ProductListingCollectionViewCell.xib */,
				0163F4682610A9D3002A4F9E /* HorizontalProductListingCollectionViewCell.swift */,
				0163F4692610A9D3002A4F9E /* HorizontalProductListingCollectionViewCell.xib */,
			);
			path = Cells;
			sourceTree = "<group>";
		};
		0128B8DD26103F6A00979172 /* Menu */ = {
			isa = PBXGroup;
			children = (
				0111E5F82610307600F67650 /* MenuCell.swift */,
				0111E5FA261030C700F67650 /* MenuCell.xib */,
				0111E5FE2610318D00F67650 /* MenuCellFocusView.xib */,
			);
			path = Menu;
			sourceTree = "<group>";
		};
		0128B8DE26103F7A00979172 /* Content */ = {
			isa = PBXGroup;
			children = (
				0163F46726107A43002A4F9E /* Storyboard */,
				0128B8E12610420C00979172 /* HardwareDetailsViewController.swift */,
			);
			path = Content;
			sourceTree = "<group>";
		};
		0163F464261077EB002A4F9E /* ViewModel */ = {
			isa = PBXGroup;
			children = (
				0163F46526107818002A4F9E /* ProductDetailViewModel.swift */,
			);
			path = ViewModel;
			sourceTree = "<group>";
		};
		0163F46726107A43002A4F9E /* Storyboard */ = {
			isa = PBXGroup;
			children = (
				0128B8DF26103FEA00979172 /* PagingContent.storyboard */,
			);
			path = Storyboard;
			sourceTree = "<group>";
		};
		019DA361260F29EB002FD5B1 /* ViewModel */ = {
			isa = PBXGroup;
			children = (
				019DA362260F2A08002FD5B1 /* ProductListingViewModel.swift */,
			);
			path = ViewModel;
			sourceTree = "<group>";
		};
		019DA368260F56F7002FD5B1 /* PageView */ = {
			isa = PBXGroup;
			children = (
				0128B8DE26103F7A00979172 /* Content */,
				0128B8DD26103F6A00979172 /* Menu */,
			);
			path = PageView;
			sourceTree = "<group>";
		};
		01BA5605263337FE0029E6C8 /* Network */ = {
			isa = PBXGroup;
			children = (
				01BA5606263338120029E6C8 /* ApiManager.swift */,
			);
			path = Network;
			sourceTree = "<group>";
		};
		01BBA977260ED9C600792BF0 = {
			isa = PBXGroup;
			children = (
				01BBA982260ED9C600792BF0 /* HelloTeko */,
				01BBA999260ED9C700792BF0 /* HelloTekoTests */,
				01BBA9A4260ED9C700792BF0 /* HelloTekoUITests */,
				01BBA981260ED9C600792BF0 /* Products */,
				9205A45F0F1B476B0B45A876 /* Pods */,
				1F184364C06D67631C2A1B6B /* Frameworks */,
			);
			sourceTree = "<group>";
		};
		01BBA981260ED9C600792BF0 /* Products */ = {
			isa = PBXGroup;
			children = (
				01BBA980260ED9C600792BF0 /* HelloTeko.app */,
				01BBA996260ED9C700792BF0 /* HelloTekoTests.xctest */,
				01BBA9A1260ED9C700792BF0 /* HelloTekoUITests.xctest */,
			);
			name = Products;
			sourceTree = "<group>";
		};
		01BBA982260ED9C600792BF0 /* HelloTeko */ = {
			isa = PBXGroup;
			children = (
				010598E0260EDC0200E0CE61 /* AppDelegate */,
				010598E2260EDC2500E0CE61 /* Models */,
				010598E3260EDC3A00E0CE61 /* Scenes */,
				010598E5260EDC5E00E0CE61 /* Views */,
				01BA5605263337FE0029E6C8 /* Network */,
				010598E4260EDC5200E0CE61 /* Utils */,
				010598E1260EDC1900E0CE61 /* Extension */,
				010598EB260EDD4500E0CE61 /* Assets */,
				01BD32C726158548000DCB86 /* Library */,
				01BBA989260ED9C600792BF0 /* Main.storyboard */,
				01BBA98E260ED9C700792BF0 /* LaunchScreen.storyboard */,
				010598F2260EE1CD00E0CE61 /* R.generated.swift */,
				01BBA991260ED9C700792BF0 /* Info.plist */,
			);
			path = HelloTeko;
			sourceTree = "<group>";
		};
		01BBA999260ED9C700792BF0 /* HelloTekoTests */ = {
			isa = PBXGroup;
			children = (
				01BBA99A260ED9C700792BF0 /* HelloTekoTests.swift */,
				01BBA99C260ED9C700792BF0 /* Info.plist */,
				0109C864261166870020BCB6 /* VNDFormatterTests.swift */,
			);
			path = HelloTekoTests;
			sourceTree = "<group>";
		};
		01BBA9A4260ED9C700792BF0 /* HelloTekoUITests */ = {
			isa = PBXGroup;
			children = (
				01BBA9A5260ED9C700792BF0 /* HelloTekoUITests.swift */,
				01BBA9A7260ED9C700792BF0 /* Info.plist */,
			);
			path = HelloTekoUITests;
			sourceTree = "<group>";
		};
		01BD32C726158548000DCB86 /* Library */ = {
			isa = PBXGroup;
			children = (
				01BD32C826158572000DCB86 /* ValueStepper */,
			);
			path = Library;
			sourceTree = "<group>";
		};
		01BD32C826158572000DCB86 /* ValueStepper */ = {
			isa = PBXGroup;
			children = (
				01BD344D26158CAC000DCB86 /* ValueStepper.swift */,
			);
			path = ValueStepper;
			sourceTree = "<group>";
		};
		01D2E0782633D8510028FC3A /* UITableView */ = {
			isa = PBXGroup;
			children = (
				010598ED260EDDAB00E0CE61 /* Cells */,
				01D2E07B2633D8A70028FC3A /* AutoHeightTableView.swift */,
			);
			path = UITableView;
			sourceTree = "<group>";
		};
		01D2E07A2633D8790028FC3A /* UICollectionView */ = {
			isa = PBXGroup;
			children = (
				010598EE260EDDB700E0CE61 /* Cells */,
			);
			path = UICollectionView;
			sourceTree = "<group>";
		};
		1F184364C06D67631C2A1B6B /* Frameworks */ = {
			isa = PBXGroup;
			children = (
				3469B9C436151CC81F946A65 /* Pods_HelloTeko.framework */,
				D113E20F87515261E95D485D /* Pods_HelloTeko_HelloTekoUITests.framework */,
				A3759CDAEDC8BC2BEC14B21B /* Pods_HelloTekoTests.framework */,
			);
			name = Frameworks;
			sourceTree = "<group>";
		};
		9205A45F0F1B476B0B45A876 /* Pods */ = {
			isa = PBXGroup;
			children = (
				9813243940F7C18A438A8A79 /* Pods-HelloTeko.debug.xcconfig */,
				AAE3A35C5DC043D486071E3C /* Pods-HelloTeko.release.xcconfig */,
				D8C42816F32D38A258D8B708 /* Pods-HelloTeko-HelloTekoUITests.debug.xcconfig */,
				02BB03B8870D15285F4B0C7C /* Pods-HelloTeko-HelloTekoUITests.release.xcconfig */,
				08F3E989DD5610A06F15A9FF /* Pods-HelloTekoTests.debug.xcconfig */,
				7FD1C122632547BE8D6D9026 /* Pods-HelloTekoTests.release.xcconfig */,
			);
			path = Pods;
			sourceTree = "<group>";
		};
/* End PBXGroup section */

/* Begin PBXNativeTarget section */
		01BBA97F260ED9C600792BF0 /* HelloTeko */ = {
			isa = PBXNativeTarget;
			buildConfigurationList = 01BBA9AA260ED9C700792BF0 /* Build configuration list for PBXNativeTarget "HelloTeko" */;
			buildPhases = (
				DB587DC84F3C3286557CE1A8 /* [CP] Check Pods Manifest.lock */,
				010598F1260EE11800E0CE61 /* ShellScript */,
				01BBA97C260ED9C600792BF0 /* Sources */,
				01BBA97D260ED9C600792BF0 /* Frameworks */,
				01BBA97E260ED9C600792BF0 /* Resources */,
				7C0AD7761E29DB178502DE79 /* [CP] Embed Pods Frameworks */,
			);
			buildRules = (
			);
			dependencies = (
			);
			name = HelloTeko;
			productName = HelloTeko;
			productReference = 01BBA980260ED9C600792BF0 /* HelloTeko.app */;
			productType = "com.apple.product-type.application";
		};
		01BBA995260ED9C700792BF0 /* HelloTekoTests */ = {
			isa = PBXNativeTarget;
			buildConfigurationList = 01BBA9AD260ED9C700792BF0 /* Build configuration list for PBXNativeTarget "HelloTekoTests" */;
			buildPhases = (
				6D4680424F8C968227F2D163 /* [CP] Check Pods Manifest.lock */,
				01BBA992260ED9C700792BF0 /* Sources */,
				01BBA993260ED9C700792BF0 /* Frameworks */,
				01BBA994260ED9C700792BF0 /* Resources */,
			);
			buildRules = (
			);
			dependencies = (
				01BBA998260ED9C700792BF0 /* PBXTargetDependency */,
			);
			name = HelloTekoTests;
			productName = HelloTekoTests;
			productReference = 01BBA996260ED9C700792BF0 /* HelloTekoTests.xctest */;
			productType = "com.apple.product-type.bundle.unit-test";
		};
		01BBA9A0260ED9C700792BF0 /* HelloTekoUITests */ = {
			isa = PBXNativeTarget;
			buildConfigurationList = 01BBA9B0260ED9C700792BF0 /* Build configuration list for PBXNativeTarget "HelloTekoUITests" */;
			buildPhases = (
				CAC6B75D2873DC88A56C195C /* [CP] Check Pods Manifest.lock */,
				01BBA99D260ED9C700792BF0 /* Sources */,
				01BBA99E260ED9C700792BF0 /* Frameworks */,
				01BBA99F260ED9C700792BF0 /* Resources */,
				F6A3DBF6E7DBC0FEECAE3969 /* [CP] Embed Pods Frameworks */,
			);
			buildRules = (
			);
			dependencies = (
				01BBA9A3260ED9C700792BF0 /* PBXTargetDependency */,
			);
			name = HelloTekoUITests;
			productName = HelloTekoUITests;
			productReference = 01BBA9A1260ED9C700792BF0 /* HelloTekoUITests.xctest */;
			productType = "com.apple.product-type.bundle.ui-testing";
		};
/* End PBXNativeTarget section */

/* Begin PBXProject section */
		01BBA978260ED9C600792BF0 /* Project object */ = {
			isa = PBXProject;
			attributes = {
				LastSwiftUpdateCheck = 1170;
				LastUpgradeCheck = 1170;
				ORGANIZATIONNAME = thiennq;
				TargetAttributes = {
					01BBA97F260ED9C600792BF0 = {
						CreatedOnToolsVersion = 11.7;
					};
					01BBA995260ED9C700792BF0 = {
						CreatedOnToolsVersion = 11.7;
						TestTargetID = 01BBA97F260ED9C600792BF0;
					};
					01BBA9A0260ED9C700792BF0 = {
						CreatedOnToolsVersion = 11.7;
						TestTargetID = 01BBA97F260ED9C600792BF0;
					};
				};
			};
			buildConfigurationList = 01BBA97B260ED9C600792BF0 /* Build configuration list for PBXProject "HelloTeko" */;
			compatibilityVersion = "Xcode 9.3";
			developmentRegion = en;
			hasScannedForEncodings = 0;
			knownRegions = (
				en,
				Base,
			);
			mainGroup = 01BBA977260ED9C600792BF0;
			productRefGroup = 01BBA981260ED9C600792BF0 /* Products */;
			projectDirPath = "";
			projectRoot = "";
			targets = (
				01BBA97F260ED9C600792BF0 /* HelloTeko */,
				01BBA995260ED9C700792BF0 /* HelloTekoTests */,
				01BBA9A0260ED9C700792BF0 /* HelloTekoUITests */,
			);
		};
/* End PBXProject section */

/* Begin PBXResourcesBuildPhase section */
		01BBA97E260ED9C600792BF0 /* Resources */ = {
			isa = PBXResourcesBuildPhase;
			buildActionMask = 2147483647;
			files = (
				0163F46B2610A9D3002A4F9E /* HorizontalProductListingCollectionViewCell.xib in Resources */,
				0128B8E026103FEA00979172 /* PagingContent.storyboard in Resources */,
				01BBA990260ED9C700792BF0 /* LaunchScreen.storyboard in Resources */,
				01BBA98D260ED9C700792BF0 /* Assets.xcassets in Resources */,
				0111E5FF2610318D00F67650 /* MenuCellFocusView.xib in Resources */,
				0128B8E62610461300979172 /* HardwareDetailTableViewCell.xib in Resources */,
				0111E5FB261030C700F67650 /* MenuCell.xib in Resources */,
				01BBA98B260ED9C600792BF0 /* Main.storyboard in Resources */,
				01DFBA6B260F16C90017FB1C /* ProductListingCollectionViewCell.xib in Resources */,
			);
			runOnlyForDeploymentPostprocessing = 0;
		};
		01BBA994260ED9C700792BF0 /* Resources */ = {
			isa = PBXResourcesBuildPhase;
			buildActionMask = 2147483647;
			files = (
			);
			runOnlyForDeploymentPostprocessing = 0;
		};
		01BBA99F260ED9C700792BF0 /* Resources */ = {
			isa = PBXResourcesBuildPhase;
			buildActionMask = 2147483647;
			files = (
			);
			runOnlyForDeploymentPostprocessing = 0;
		};
/* End PBXResourcesBuildPhase section */

/* Begin PBXShellScriptBuildPhase section */
		010598F1260EE11800E0CE61 /* ShellScript */ = {
			isa = PBXShellScriptBuildPhase;
			buildActionMask = 2147483647;
			files = (
			);
			inputFileListPaths = (
			);
			inputPaths = (
				"$TEMP_DIR/rswift-lastrun",
			);
			outputFileListPaths = (
			);
			outputPaths = (
				$SRCROOT/R.generated.swift,
			);
			runOnlyForDeploymentPostprocessing = 0;
			shellPath = /bin/sh;
			shellScript = "# Type a script or drag a script file from your workspace to insert its path.\n\"$PODS_ROOT/R.swift/rswift\" generate \"$SRCROOT/R.generated.swift\"\n";
		};
		6D4680424F8C968227F2D163 /* [CP] Check Pods Manifest.lock */ = {
			isa = PBXShellScriptBuildPhase;
			buildActionMask = 2147483647;
			files = (
			);
			inputFileListPaths = (
			);
			inputPaths = (
				"${PODS_PODFILE_DIR_PATH}/Podfile.lock",
				"${PODS_ROOT}/Manifest.lock",
			);
			name = "[CP] Check Pods Manifest.lock";
			outputFileListPaths = (
			);
			outputPaths = (
				"$(DERIVED_FILE_DIR)/Pods-HelloTekoTests-checkManifestLockResult.txt",
			);
			runOnlyForDeploymentPostprocessing = 0;
			shellPath = /bin/sh;
			shellScript = "diff \"${PODS_PODFILE_DIR_PATH}/Podfile.lock\" \"${PODS_ROOT}/Manifest.lock\" > /dev/null\nif [ $? != 0 ] ; then\n    # print error to STDERR\n    echo \"error: The sandbox is not in sync with the Podfile.lock. Run 'pod install' or update your CocoaPods installation.\" >&2\n    exit 1\nfi\n# This output is used by Xcode 'outputs' to avoid re-running this script phase.\necho \"SUCCESS\" > \"${SCRIPT_OUTPUT_FILE_0}\"\n";
			showEnvVarsInLog = 0;
		};
		7C0AD7761E29DB178502DE79 /* [CP] Embed Pods Frameworks */ = {
			isa = PBXShellScriptBuildPhase;
			buildActionMask = 2147483647;
			files = (
			);
			inputFileListPaths = (
				"${PODS_ROOT}/Target Support Files/Pods-HelloTeko/Pods-HelloTeko-frameworks-${CONFIGURATION}-input-files.xcfilelist",
			);
			name = "[CP] Embed Pods Frameworks";
			outputFileListPaths = (
				"${PODS_ROOT}/Target Support Files/Pods-HelloTeko/Pods-HelloTeko-frameworks-${CONFIGURATION}-output-files.xcfilelist",
			);
			runOnlyForDeploymentPostprocessing = 0;
			shellPath = /bin/sh;
			shellScript = "\"${PODS_ROOT}/Target Support Files/Pods-HelloTeko/Pods-HelloTeko-frameworks.sh\"\n";
			showEnvVarsInLog = 0;
		};
		CAC6B75D2873DC88A56C195C /* [CP] Check Pods Manifest.lock */ = {
			isa = PBXShellScriptBuildPhase;
			buildActionMask = 2147483647;
			files = (
			);
			inputFileListPaths = (
			);
			inputPaths = (
				"${PODS_PODFILE_DIR_PATH}/Podfile.lock",
				"${PODS_ROOT}/Manifest.lock",
			);
			name = "[CP] Check Pods Manifest.lock";
			outputFileListPaths = (
			);
			outputPaths = (
				"$(DERIVED_FILE_DIR)/Pods-HelloTeko-HelloTekoUITests-checkManifestLockResult.txt",
			);
			runOnlyForDeploymentPostprocessing = 0;
			shellPath = /bin/sh;
			shellScript = "diff \"${PODS_PODFILE_DIR_PATH}/Podfile.lock\" \"${PODS_ROOT}/Manifest.lock\" > /dev/null\nif [ $? != 0 ] ; then\n    # print error to STDERR\n    echo \"error: The sandbox is not in sync with the Podfile.lock. Run 'pod install' or update your CocoaPods installation.\" >&2\n    exit 1\nfi\n# This output is used by Xcode 'outputs' to avoid re-running this script phase.\necho \"SUCCESS\" > \"${SCRIPT_OUTPUT_FILE_0}\"\n";
			showEnvVarsInLog = 0;
		};
		DB587DC84F3C3286557CE1A8 /* [CP] Check Pods Manifest.lock */ = {
			isa = PBXShellScriptBuildPhase;
			buildActionMask = 2147483647;
			files = (
			);
			inputFileListPaths = (
			);
			inputPaths = (
				"${PODS_PODFILE_DIR_PATH}/Podfile.lock",
				"${PODS_ROOT}/Manifest.lock",
			);
			name = "[CP] Check Pods Manifest.lock";
			outputFileListPaths = (
			);
			outputPaths = (
				"$(DERIVED_FILE_DIR)/Pods-HelloTeko-checkManifestLockResult.txt",
			);
			runOnlyForDeploymentPostprocessing = 0;
			shellPath = /bin/sh;
			shellScript = "diff \"${PODS_PODFILE_DIR_PATH}/Podfile.lock\" \"${PODS_ROOT}/Manifest.lock\" > /dev/null\nif [ $? != 0 ] ; then\n    # print error to STDERR\n    echo \"error: The sandbox is not in sync with the Podfile.lock. Run 'pod install' or update your CocoaPods installation.\" >&2\n    exit 1\nfi\n# This output is used by Xcode 'outputs' to avoid re-running this script phase.\necho \"SUCCESS\" > \"${SCRIPT_OUTPUT_FILE_0}\"\n";
			showEnvVarsInLog = 0;
		};
		F6A3DBF6E7DBC0FEECAE3969 /* [CP] Embed Pods Frameworks */ = {
			isa = PBXShellScriptBuildPhase;
			buildActionMask = 2147483647;
			files = (
			);
			inputFileListPaths = (
				"${PODS_ROOT}/Target Support Files/Pods-HelloTeko-HelloTekoUITests/Pods-HelloTeko-HelloTekoUITests-frameworks-${CONFIGURATION}-input-files.xcfilelist",
			);
			name = "[CP] Embed Pods Frameworks";
			outputFileListPaths = (
				"${PODS_ROOT}/Target Support Files/Pods-HelloTeko-HelloTekoUITests/Pods-HelloTeko-HelloTekoUITests-frameworks-${CONFIGURATION}-output-files.xcfilelist",
			);
			runOnlyForDeploymentPostprocessing = 0;
			shellPath = /bin/sh;
			shellScript = "\"${PODS_ROOT}/Target Support Files/Pods-HelloTeko-HelloTekoUITests/Pods-HelloTeko-HelloTekoUITests-frameworks.sh\"\n";
			showEnvVarsInLog = 0;
		};
/* End PBXShellScriptBuildPhase section */

/* Begin PBXSourcesBuildPhase section */
		01BBA97C260ED9C600792BF0 /* Sources */ = {
			isa = PBXSourcesBuildPhase;
			buildActionMask = 2147483647;
			files = (
				01BBA984260ED9C600792BF0 /* AppDelegate.swift in Sources */,
				0128B8E52610461300979172 /* HardwareDetailTableViewCell.swift in Sources */,
				01BD31EB26130AAD000DCB86 /* CartItem.swift in Sources */,
				01EA83DD2610C79D00D69F21 /* Other Currency VND+Formatter.swift in Sources */,
				01DFBA6F260F190F0017FB1C /* UIColor+Additions.swift in Sources */,
				01BD344E26158CAC000DCB86 /* ValueStepper.swift in Sources */,
				01DFBA6A260F16C90017FB1C /* ProductListingCollectionViewCell.swift in Sources */,
				019DA36C260F5F6B002FD5B1 /* SmartSearchMatcher.swift in Sources */,
				010598F7260EE69C00E0CE61 /* BaseExtensions.swift in Sources */,
				0163F46A2610A9D3002A4F9E /* HorizontalProductListingCollectionViewCell.swift in Sources */,
				010598F0260EDE4700E0CE61 /* ProductListingViewController.swift in Sources */,
				01D2E07C2633D8A70028FC3A /* AutoHeightTableView.swift in Sources */,
				01B4B36526349730005BC4FA /* HTLoading.swift in Sources */,
				01BBA986260ED9C600792BF0 /* SceneDelegate.swift in Sources */,
				01BA5607263338120029E6C8 /* ApiManager.swift in Sources */,
				019DA35E260F2318002FD5B1 /* UIImageView+Additions.swift in Sources */,
				0128B8E22610420C00979172 /* HardwareDetailsViewController.swift in Sources */,
				01BD31F026130FEC000DCB86 /* CurrencyFormatter.swift in Sources */,
				0111E5F7261028B900F67650 /* ProductDetailViewController.swift in Sources */,
				01BD31E626130213000DCB86 /* ShoppingCart.swift in Sources */,
				01DFC7222633FE3300C52150 /* AppConstants.swift in Sources */,
				0163F46326106880002A4F9E /* UIView+Additions.swift in Sources */,
				019DA360260F249C002FD5B1 /* Product.swift in Sources */,
				0111E5F92610307600F67650 /* MenuCell.swift in Sources */,
				019DA363260F2A08002FD5B1 /* ProductListingViewModel.swift in Sources */,
				010598F3260EE1CE00E0CE61 /* R.generated.swift in Sources */,
				01DFBA6D260F18D10017FB1C /* UIFont+Additions.swift in Sources */,
				0163F46626107818002A4F9E /* ProductDetailViewModel.swift in Sources */,
			);
			runOnlyForDeploymentPostprocessing = 0;
		};
		01BBA992260ED9C700792BF0 /* Sources */ = {
			isa = PBXSourcesBuildPhase;
			buildActionMask = 2147483647;
			files = (
				01BBA99B260ED9C700792BF0 /* HelloTekoTests.swift in Sources */,
				0109C865261166870020BCB6 /* VNDFormatterTests.swift in Sources */,
			);
			runOnlyForDeploymentPostprocessing = 0;
		};
		01BBA99D260ED9C700792BF0 /* Sources */ = {
			isa = PBXSourcesBuildPhase;
			buildActionMask = 2147483647;
			files = (
				01BBA9A6260ED9C700792BF0 /* HelloTekoUITests.swift in Sources */,
			);
			runOnlyForDeploymentPostprocessing = 0;
		};
/* End PBXSourcesBuildPhase section */

/* Begin PBXTargetDependency section */
		01BBA998260ED9C700792BF0 /* PBXTargetDependency */ = {
			isa = PBXTargetDependency;
			target = 01BBA97F260ED9C600792BF0 /* HelloTeko */;
			targetProxy = 01BBA997260ED9C700792BF0 /* PBXContainerItemProxy */;
		};
		01BBA9A3260ED9C700792BF0 /* PBXTargetDependency */ = {
			isa = PBXTargetDependency;
			target = 01BBA97F260ED9C600792BF0 /* HelloTeko */;
			targetProxy = 01BBA9A2260ED9C700792BF0 /* PBXContainerItemProxy */;
		};
/* End PBXTargetDependency section */

/* Begin PBXVariantGroup section */
		01BBA989260ED9C600792BF0 /* Main.storyboard */ = {
			isa = PBXVariantGroup;
			children = (
				01BBA98A260ED9C600792BF0 /* Base */,
			);
			name = Main.storyboard;
			sourceTree = "<group>";
		};
		01BBA98E260ED9C700792BF0 /* LaunchScreen.storyboard */ = {
			isa = PBXVariantGroup;
			children = (
				01BBA98F260ED9C700792BF0 /* Base */,
			);
			name = LaunchScreen.storyboard;
			sourceTree = "<group>";
		};
/* End PBXVariantGroup section */

/* Begin XCBuildConfiguration section */
		01BBA9A8260ED9C700792BF0 /* Debug */ = {
			isa = XCBuildConfiguration;
			buildSettings = {
				ALWAYS_SEARCH_USER_PATHS = NO;
				CLANG_ANALYZER_NONNULL = YES;
				CLANG_ANALYZER_NUMBER_OBJECT_CONVERSION = YES_AGGRESSIVE;
				CLANG_CXX_LANGUAGE_STANDARD = "gnu++14";
				CLANG_CXX_LIBRARY = "libc++";
				CLANG_ENABLE_MODULES = YES;
				CLANG_ENABLE_OBJC_ARC = YES;
				CLANG_ENABLE_OBJC_WEAK = YES;
				CLANG_WARN_BLOCK_CAPTURE_AUTORELEASING = YES;
				CLANG_WARN_BOOL_CONVERSION = YES;
				CLANG_WARN_COMMA = YES;
				CLANG_WARN_CONSTANT_CONVERSION = YES;
				CLANG_WARN_DEPRECATED_OBJC_IMPLEMENTATIONS = YES;
				CLANG_WARN_DIRECT_OBJC_ISA_USAGE = YES_ERROR;
				CLANG_WARN_DOCUMENTATION_COMMENTS = YES;
				CLANG_WARN_EMPTY_BODY = YES;
				CLANG_WARN_ENUM_CONVERSION = YES;
				CLANG_WARN_INFINITE_RECURSION = YES;
				CLANG_WARN_INT_CONVERSION = YES;
				CLANG_WARN_NON_LITERAL_NULL_CONVERSION = YES;
				CLANG_WARN_OBJC_IMPLICIT_RETAIN_SELF = YES;
				CLANG_WARN_OBJC_LITERAL_CONVERSION = YES;
				CLANG_WARN_OBJC_ROOT_CLASS = YES_ERROR;
				CLANG_WARN_RANGE_LOOP_ANALYSIS = YES;
				CLANG_WARN_STRICT_PROTOTYPES = YES;
				CLANG_WARN_SUSPICIOUS_MOVE = YES;
				CLANG_WARN_UNGUARDED_AVAILABILITY = YES_AGGRESSIVE;
				CLANG_WARN_UNREACHABLE_CODE = YES;
				CLANG_WARN__DUPLICATE_METHOD_MATCH = YES;
				COPY_PHASE_STRIP = NO;
				DEBUG_INFORMATION_FORMAT = dwarf;
				ENABLE_STRICT_OBJC_MSGSEND = YES;
				ENABLE_TESTABILITY = YES;
				GCC_C_LANGUAGE_STANDARD = gnu11;
				GCC_DYNAMIC_NO_PIC = NO;
				GCC_NO_COMMON_BLOCKS = YES;
				GCC_OPTIMIZATION_LEVEL = 0;
				GCC_PREPROCESSOR_DEFINITIONS = (
					"DEBUG=1",
					"$(inherited)",
				);
				GCC_WARN_64_TO_32_BIT_CONVERSION = YES;
				GCC_WARN_ABOUT_RETURN_TYPE = YES_ERROR;
				GCC_WARN_UNDECLARED_SELECTOR = YES;
				GCC_WARN_UNINITIALIZED_AUTOS = YES_AGGRESSIVE;
				GCC_WARN_UNUSED_FUNCTION = YES;
				GCC_WARN_UNUSED_VARIABLE = YES;
				IPHONEOS_DEPLOYMENT_TARGET = 13.7;
				MTL_ENABLE_DEBUG_INFO = INCLUDE_SOURCE;
				MTL_FAST_MATH = YES;
				ONLY_ACTIVE_ARCH = YES;
				SDKROOT = iphoneos;
				SWIFT_ACTIVE_COMPILATION_CONDITIONS = DEBUG;
				SWIFT_OPTIMIZATION_LEVEL = "-Onone";
			};
			name = Debug;
		};
		01BBA9A9260ED9C700792BF0 /* Release */ = {
			isa = XCBuildConfiguration;
			buildSettings = {
				ALWAYS_SEARCH_USER_PATHS = NO;
				CLANG_ANALYZER_NONNULL = YES;
				CLANG_ANALYZER_NUMBER_OBJECT_CONVERSION = YES_AGGRESSIVE;
				CLANG_CXX_LANGUAGE_STANDARD = "gnu++14";
				CLANG_CXX_LIBRARY = "libc++";
				CLANG_ENABLE_MODULES = YES;
				CLANG_ENABLE_OBJC_ARC = YES;
				CLANG_ENABLE_OBJC_WEAK = YES;
				CLANG_WARN_BLOCK_CAPTURE_AUTORELEASING = YES;
				CLANG_WARN_BOOL_CONVERSION = YES;
				CLANG_WARN_COMMA = YES;
				CLANG_WARN_CONSTANT_CONVERSION = YES;
				CLANG_WARN_DEPRECATED_OBJC_IMPLEMENTATIONS = YES;
				CLANG_WARN_DIRECT_OBJC_ISA_USAGE = YES_ERROR;
				CLANG_WARN_DOCUMENTATION_COMMENTS = YES;
				CLANG_WARN_EMPTY_BODY = YES;
				CLANG_WARN_ENUM_CONVERSION = YES;
				CLANG_WARN_INFINITE_RECURSION = YES;
				CLANG_WARN_INT_CONVERSION = YES;
				CLANG_WARN_NON_LITERAL_NULL_CONVERSION = YES;
				CLANG_WARN_OBJC_IMPLICIT_RETAIN_SELF = YES;
				CLANG_WARN_OBJC_LITERAL_CONVERSION = YES;
				CLANG_WARN_OBJC_ROOT_CLASS = YES_ERROR;
				CLANG_WARN_RANGE_LOOP_ANALYSIS = YES;
				CLANG_WARN_STRICT_PROTOTYPES = YES;
				CLANG_WARN_SUSPICIOUS_MOVE = YES;
				CLANG_WARN_UNGUARDED_AVAILABILITY = YES_AGGRESSIVE;
				CLANG_WARN_UNREACHABLE_CODE = YES;
				CLANG_WARN__DUPLICATE_METHOD_MATCH = YES;
				COPY_PHASE_STRIP = NO;
				DEBUG_INFORMATION_FORMAT = "dwarf-with-dsym";
				ENABLE_NS_ASSERTIONS = NO;
				ENABLE_STRICT_OBJC_MSGSEND = YES;
				GCC_C_LANGUAGE_STANDARD = gnu11;
				GCC_NO_COMMON_BLOCKS = YES;
				GCC_WARN_64_TO_32_BIT_CONVERSION = YES;
				GCC_WARN_ABOUT_RETURN_TYPE = YES_ERROR;
				GCC_WARN_UNDECLARED_SELECTOR = YES;
				GCC_WARN_UNINITIALIZED_AUTOS = YES_AGGRESSIVE;
				GCC_WARN_UNUSED_FUNCTION = YES;
				GCC_WARN_UNUSED_VARIABLE = YES;
				IPHONEOS_DEPLOYMENT_TARGET = 13.7;
				MTL_ENABLE_DEBUG_INFO = NO;
				MTL_FAST_MATH = YES;
				SDKROOT = iphoneos;
				SWIFT_COMPILATION_MODE = wholemodule;
				SWIFT_OPTIMIZATION_LEVEL = "-O";
				VALIDATE_PRODUCT = YES;
			};
			name = Release;
		};
		01BBA9AB260ED9C700792BF0 /* Debug */ = {
			isa = XCBuildConfiguration;
			baseConfigurationReference = 9813243940F7C18A438A8A79 /* Pods-HelloTeko.debug.xcconfig */;
			buildSettings = {
				ASSETCATALOG_COMPILER_APPICON_NAME = AppIcon;
				CODE_SIGN_IDENTITY = "iPhone Developer";
				CODE_SIGN_STYLE = Manual;
				DEVELOPMENT_TEAM = 5X5Y8J7J43;
				INFOPLIST_FILE = HelloTeko/Info.plist;
				IPHONEOS_DEPLOYMENT_TARGET = 13.0;
				LD_RUNPATH_SEARCH_PATHS = (
					"$(inherited)",
					"@executable_path/Frameworks",
				);
				PRODUCT_BUNDLE_IDENTIFIER = beetech.jp.co.panasonic.pstc.ocr.iCardSample;
				PRODUCT_NAME = "$(TARGET_NAME)";
				PROVISIONING_PROFILE_SPECIFIER = KayakDev;
				SWIFT_VERSION = 5.0;
				TARGETED_DEVICE_FAMILY = "1,2";
			};
			name = Debug;
		};
		01BBA9AC260ED9C700792BF0 /* Release */ = {
			isa = XCBuildConfiguration;
			baseConfigurationReference = AAE3A35C5DC043D486071E3C /* Pods-HelloTeko.release.xcconfig */;
			buildSettings = {
				ASSETCATALOG_COMPILER_APPICON_NAME = AppIcon;
				CODE_SIGN_IDENTITY = "iPhone Developer";
				CODE_SIGN_STYLE = Manual;
				DEVELOPMENT_TEAM = 5X5Y8J7J43;
				INFOPLIST_FILE = HelloTeko/Info.plist;
				IPHONEOS_DEPLOYMENT_TARGET = 13.0;
				LD_RUNPATH_SEARCH_PATHS = (
					"$(inherited)",
					"@executable_path/Frameworks",
				);
				PRODUCT_BUNDLE_IDENTIFIER = beetech.jp.co.panasonic.pstc.ocr.iCardSample;
				PRODUCT_NAME = "$(TARGET_NAME)";
				PROVISIONING_PROFILE_SPECIFIER = KayakDev;
				SWIFT_VERSION = 5.0;
				TARGETED_DEVICE_FAMILY = "1,2";
			};
			name = Release;
		};
		01BBA9AE260ED9C700792BF0 /* Debug */ = {
			isa = XCBuildConfiguration;
			baseConfigurationReference = 08F3E989DD5610A06F15A9FF /* Pods-HelloTekoTests.debug.xcconfig */;
			buildSettings = {
				ALWAYS_EMBED_SWIFT_STANDARD_LIBRARIES = YES;
				BUNDLE_LOADER = "$(TEST_HOST)";
				CODE_SIGN_STYLE = Automatic;
				INFOPLIST_FILE = HelloTekoTests/Info.plist;
				IPHONEOS_DEPLOYMENT_TARGET = 13.7;
				LD_RUNPATH_SEARCH_PATHS = (
					"$(inherited)",
					"@executable_path/Frameworks",
					"@loader_path/Frameworks",
				);
				PRODUCT_BUNDLE_IDENTIFIER = thiennq.HelloTekoTests;
				PRODUCT_NAME = "$(TARGET_NAME)";
				SWIFT_VERSION = 5.0;
				TARGETED_DEVICE_FAMILY = "1,2";
				TEST_HOST = "$(BUILT_PRODUCTS_DIR)/HelloTeko.app/HelloTeko";
			};
			name = Debug;
		};
		01BBA9AF260ED9C700792BF0 /* Release */ = {
			isa = XCBuildConfiguration;
			baseConfigurationReference = 7FD1C122632547BE8D6D9026 /* Pods-HelloTekoTests.release.xcconfig */;
			buildSettings = {
				ALWAYS_EMBED_SWIFT_STANDARD_LIBRARIES = YES;
				BUNDLE_LOADER = "$(TEST_HOST)";
				CODE_SIGN_STYLE = Automatic;
				INFOPLIST_FILE = HelloTekoTests/Info.plist;
				IPHONEOS_DEPLOYMENT_TARGET = 13.7;
				LD_RUNPATH_SEARCH_PATHS = (
					"$(inherited)",
					"@executable_path/Frameworks",
					"@loader_path/Frameworks",
				);
				PRODUCT_BUNDLE_IDENTIFIER = thiennq.HelloTekoTests;
				PRODUCT_NAME = "$(TARGET_NAME)";
				SWIFT_VERSION = 5.0;
				TARGETED_DEVICE_FAMILY = "1,2";
				TEST_HOST = "$(BUILT_PRODUCTS_DIR)/HelloTeko.app/HelloTeko";
			};
			name = Release;
		};
		01BBA9B1260ED9C700792BF0 /* Debug */ = {
			isa = XCBuildConfiguration;
			baseConfigurationReference = D8C42816F32D38A258D8B708 /* Pods-HelloTeko-HelloTekoUITests.debug.xcconfig */;
			buildSettings = {
				ALWAYS_EMBED_SWIFT_STANDARD_LIBRARIES = YES;
				CODE_SIGN_STYLE = Automatic;
				INFOPLIST_FILE = HelloTekoUITests/Info.plist;
				LD_RUNPATH_SEARCH_PATHS = (
					"$(inherited)",
					"@executable_path/Frameworks",
					"@loader_path/Frameworks",
				);
				PRODUCT_BUNDLE_IDENTIFIER = thiennq.HelloTekoUITests;
				PRODUCT_NAME = "$(TARGET_NAME)";
				SWIFT_VERSION = 5.0;
				TARGETED_DEVICE_FAMILY = "1,2";
				TEST_TARGET_NAME = HelloTeko;
			};
			name = Debug;
		};
		01BBA9B2260ED9C700792BF0 /* Release */ = {
			isa = XCBuildConfiguration;
			baseConfigurationReference = 02BB03B8870D15285F4B0C7C /* Pods-HelloTeko-HelloTekoUITests.release.xcconfig */;
			buildSettings = {
				ALWAYS_EMBED_SWIFT_STANDARD_LIBRARIES = YES;
				CODE_SIGN_STYLE = Automatic;
				INFOPLIST_FILE = HelloTekoUITests/Info.plist;
				LD_RUNPATH_SEARCH_PATHS = (
					"$(inherited)",
					"@executable_path/Frameworks",
					"@loader_path/Frameworks",
				);
				PRODUCT_BUNDLE_IDENTIFIER = thiennq.HelloTekoUITests;
				PRODUCT_NAME = "$(TARGET_NAME)";
				SWIFT_VERSION = 5.0;
				TARGETED_DEVICE_FAMILY = "1,2";
				TEST_TARGET_NAME = HelloTeko;
			};
			name = Release;
		};
/* End XCBuildConfiguration section */

/* Begin XCConfigurationList section */
		01BBA97B260ED9C600792BF0 /* Build configuration list for PBXProject "HelloTeko" */ = {
			isa = XCConfigurationList;
			buildConfigurations = (
				01BBA9A8260ED9C700792BF0 /* Debug */,
				01BBA9A9260ED9C700792BF0 /* Release */,
			);
			defaultConfigurationIsVisible = 0;
			defaultConfigurationName = Release;
		};
		01BBA9AA260ED9C700792BF0 /* Build configuration list for PBXNativeTarget "HelloTeko" */ = {
			isa = XCConfigurationList;
			buildConfigurations = (
				01BBA9AB260ED9C700792BF0 /* Debug */,
				01BBA9AC260ED9C700792BF0 /* Release */,
			);
			defaultConfigurationIsVisible = 0;
			defaultConfigurationName = Release;
		};
		01BBA9AD260ED9C700792BF0 /* Build configuration list for PBXNativeTarget "HelloTekoTests" */ = {
			isa = XCConfigurationList;
			buildConfigurations = (
				01BBA9AE260ED9C700792BF0 /* Debug */,
				01BBA9AF260ED9C700792BF0 /* Release */,
			);
			defaultConfigurationIsVisible = 0;
			defaultConfigurationName = Release;
		};
		01BBA9B0260ED9C700792BF0 /* Build configuration list for PBXNativeTarget "HelloTekoUITests" */ = {
			isa = XCConfigurationList;
			buildConfigurations = (
				01BBA9B1260ED9C700792BF0 /* Debug */,
				01BBA9B2260ED9C700792BF0 /* Release */,
			);
			defaultConfigurationIsVisible = 0;
			defaultConfigurationName = Release;
		};
/* End XCConfigurationList section */
	};
	rootObject = 01BBA978260ED9C600792BF0 /* Project object */;
}
